{
	"name": "gabriel-aplok.com",
	"version": "1.0.0",
	"lockfileVersion": 3,
	"requires": true,
	"packages": {
		"": {
			"name": "gabriel-aplok.com",
			"version": "1.0.0",
			"license": "ISC",
			"dependencies": {
				"bootstrap": "^5.3.3"
			},
			"devDependencies": {}
		},
		"node_modules/@popperjs/core": {
			"version": "2.11.8",
			"license": "MIT",
			"peer": true,
			"funding": {
				"type": "opencollective",
				"url": "https://opencollective.com/popperjs"
			}
		},
		"node_modules/bootstrap": {
			"version": "5.3.6",
			"funding": [
				{
					"type": "github",
					"url": "https://github.com/sponsors/twbs"
				},
				{
					"type": "opencollective",
					"url": "https://opencollective.com/bootstrap"
				}
			],
			"license": "MIT",
			"peerDependencies": {
				"@popperjs/core": "^2.11.8"
			}
		}
	}
}
